
Microsoft Visual Studio Solution File, Format Version 12.00
# Visual Studio 15
VisualStudioVersion = 15.0.27004.2009
MinimumVisualStudioVersion = 10.0.40219.1
Project("{FAE04EC0-301F-11D3-BF4B-00C04F79EFBC}") = "EmploymentManagement.ConsoleApp", "EmploymentManagement.ConsoleApp\EmploymentManagement.ConsoleApp.csproj", "{6860B516-8F23-41FC-88AE-221A6C741B76}"
EndProject
Global
	GlobalSection(SolutionConfigurationPlatforms) = preSolution
		Debug|Any CPU = Debug|Any CPU
		Release|Any CPU = Release|Any CPU
	EndGlobalSection
	GlobalSection(ProjectConfigurationPlatforms) = postSolution
		{6860B516-8F23-41FC-88AE-221A6C741B76}.Debug|Any CPU.ActiveCfg = Debug|Any CPU
		{6860B516-8F23-41FC-88AE-221A6C741B76}.Debug|Any CPU.Build.0 = Debug|Any CPU
		{6860B516-8F23-41FC-88AE-221A6C741B76}.Release|Any CPU.ActiveCfg = Release|Any CPU
		{6860B516-8F23-41FC-88AE-221A6C741B76}.Release|Any CPU.Build.0 = Release|Any CPU
	EndGlobalSection
	GlobalSection(SolutionProperties) = preSolution
		HideSolutionNode = FALSE
	EndGlobalSection
	GlobalSection(ExtensibilityGlobals) = postSolution
		SolutionGuid = {8D7A527D-68D2-41D1-AF1D-F8E977712853}
	EndGlobalSection
EndGlobal
